
Microsoft Visual Studio Solution File, Format Version 12.00
# Visual Studio 15
VisualStudioVersion = 15.0.28307.438
MinimumVisualStudioVersion = 10.0.40219.1
Project("{FAE04EC0-301F-11D3-BF4B-00C04F79EFBC}") = "MyScriptureJournal", "MyScriptureJournal\MyScriptureJournal.csproj", "{AE961382-1891-466D-BD80-44C01845127C}"
EndProject
Global
	GlobalSection(SolutionConfigurationPlatforms) = preSolution
		Debug|Any CPU = Debug|Any CPU
		Release|Any CPU = Release|Any CPU
	EndGlobalSection
	GlobalSection(ProjectConfigurationPlatforms) = postSolution
		{AE961382-1891-466D-BD80-44C01845127C}.Debug|Any CPU.ActiveCfg = Debug|Any CPU
		{AE961382-1891-466D-BD80-44C01845127C}.Debug|Any CPU.Build.0 = Debug|Any CPU
		{AE961382-1891-466D-BD80-44C01845127C}.Release|Any CPU.ActiveCfg = Release|Any CPU
		{AE961382-1891-466D-BD80-44C01845127C}.Release|Any CPU.Build.0 = Release|Any CPU
	EndGlobalSection
	GlobalSection(SolutionProperties) = preSolution
		HideSolutionNode = FALSE
	EndGlobalSection
	GlobalSection(ExtensibilityGlobals) = postSolution
		SolutionGuid = {E2B8075F-69E3-4AB4-AEFB-60BCE7A66F97}
	EndGlobalSection
EndGlobal
